<Solution>
  <Configurations>
    <Platform Name="Any CPU" />
    <Platform Name="x64" />
  </Configurations>
  <Project Path="ADAssessment.Core/ADAssessment.Core.csproj" />
  <Project Path="ADAssessment.Infrastructure/ADAssessment.Infrastructure.csproj" />
  <Project Path="ADAssessment.Plugins/ADAssessment.Plugins.csproj" />
  <Project Path="ADAssessment.WebAPI/ADAssessment.WebAPI.csproj" />
  <Project Path="ASAssessment.ConsoleApp/ASAssessment.ConsoleApp.csproj" Id="cdded669-7275-45b0-a762-cadcaa69fd41" />
</Solution>
